
Microsoft Visual Studio Solution File, Format Version 12.00
# Visual Studio Version 16
VisualStudioVersion = 16.0.30225.117
MinimumVisualStudioVersion = 10.0.40219.1
Project("{FAE04EC0-301F-11D3-BF4B-00C04F79EFBC}") = "MVVM", "MVVM.csproj", "{D76826F7-A05C-4344-92CE-0BE3DB4782C8}"
EndProject
Project("{FAE04EC0-301F-11D3-BF4B-00C04F79EFBC}") = "ViewModels", "..\ViewModels\ViewModels.csproj", "{53811A99-69FC-4D1F-B0F1-98E247D72CB4}"
EndProject
Project("{FAE04EC0-301F-11D3-BF4B-00C04F79EFBC}") = "Utility", "..\Utility\Utility.csproj", "{B959D413-CC7B-4CE1-B594-A02168F1CADA}"
EndProject
Global
	GlobalSection(SolutionConfigurationPlatforms) = preSolution
		Debug|Any CPU = Debug|Any CPU
		Release|Any CPU = Release|Any CPU
	EndGlobalSection
	GlobalSection(ProjectConfigurationPlatforms) = postSolution
		{D76826F7-A05C-4344-92CE-0BE3DB4782C8}.Debug|Any CPU.ActiveCfg = Debug|Any CPU
		{D76826F7-A05C-4344-92CE-0BE3DB4782C8}.Debug|Any CPU.Build.0 = Debug|Any CPU
		{D76826F7-A05C-4344-92CE-0BE3DB4782C8}.Release|Any CPU.ActiveCfg = Release|Any CPU
		{D76826F7-A05C-4344-92CE-0BE3DB4782C8}.Release|Any CPU.Build.0 = Release|Any CPU
		{53811A99-69FC-4D1F-B0F1-98E247D72CB4}.Debug|Any CPU.ActiveCfg = Debug|Any CPU
		{53811A99-69FC-4D1F-B0F1-98E247D72CB4}.Debug|Any CPU.Build.0 = Debug|Any CPU
		{53811A99-69FC-4D1F-B0F1-98E247D72CB4}.Release|Any CPU.ActiveCfg = Release|Any CPU
		{53811A99-69FC-4D1F-B0F1-98E247D72CB4}.Release|Any CPU.Build.0 = Release|Any CPU
		{B959D413-CC7B-4CE1-B594-A02168F1CADA}.Debug|Any CPU.ActiveCfg = Debug|Any CPU
		{B959D413-CC7B-4CE1-B594-A02168F1CADA}.Debug|Any CPU.Build.0 = Debug|Any CPU
		{B959D413-CC7B-4CE1-B594-A02168F1CADA}.Release|Any CPU.ActiveCfg = Release|Any CPU
		{B959D413-CC7B-4CE1-B594-A02168F1CADA}.Release|Any CPU.Build.0 = Release|Any CPU
	EndGlobalSection
	GlobalSection(SolutionProperties) = preSolution
		HideSolutionNode = FALSE
	EndGlobalSection
	GlobalSection(ExtensibilityGlobals) = postSolution
		SolutionGuid = {68147A8C-46DA-4160-8EEC-D421AFCC6EB3}
	EndGlobalSection
EndGlobal
